
Microsoft Visual Studio Solution File, Format Version 12.00
# Visual Studio 15
VisualStudioVersion = 15.0.28307.1267
MinimumVisualStudioVersion = 10.0.40219.1
Project("{FAE04EC0-301F-11D3-BF4B-00C04F79EFBC}") = "HelloRenato", "HelloRenato\HelloRenato.csproj", "{FED2DDBE-5F92-4C5C-AF24-C24304276F56}"
EndProject
Global
	GlobalSection(SolutionConfigurationPlatforms) = preSolution
		Debug|Any CPU = Debug|Any CPU
		Release|Any CPU = Release|Any CPU
	EndGlobalSection
	GlobalSection(ProjectConfigurationPlatforms) = postSolution
		{FED2DDBE-5F92-4C5C-AF24-C24304276F56}.Debug|Any CPU.ActiveCfg = Debug|Any CPU
		{FED2DDBE-5F92-4C5C-AF24-C24304276F56}.Debug|Any CPU.Build.0 = Debug|Any CPU
		{FED2DDBE-5F92-4C5C-AF24-C24304276F56}.Release|Any CPU.ActiveCfg = Release|Any CPU
		{FED2DDBE-5F92-4C5C-AF24-C24304276F56}.Release|Any CPU.Build.0 = Release|Any CPU
	EndGlobalSection
	GlobalSection(SolutionProperties) = preSolution
		HideSolutionNode = FALSE
	EndGlobalSection
	GlobalSection(ExtensibilityGlobals) = postSolution
		SolutionGuid = {E90D7F68-96E3-4119-A40F-A3BE47260FEF}
	EndGlobalSection
EndGlobal
